
Microsoft Visual Studio Solution File, Format Version 12.00
# Visual Studio Version 16
VisualStudioVersion = 16.0.30413.136
MinimumVisualStudioVersion = 10.0.40219.1
Project("{FAE04EC0-301F-11D3-BF4B-00C04F79EFBC}") = "WeatherApp.UWP", "WeatherApp\WeatherApp.UWP\WeatherApp.UWP.csproj", "{AB22F513-1834-4E2F-A8EB-825BFA2D0A91}"
EndProject
Project("{FAE04EC0-301F-11D3-BF4B-00C04F79EFBC}") = "WeatherApp.Android", "WeatherApp\WeatherApp.Android\WeatherApp.Android.csproj", "{156A9149-8060-4AC6-B79C-6B0D6AB12A06}"
EndProject
Project("{FAE04EC0-301F-11D3-BF4B-00C04F79EFBC}") = "WeatherApp.iOS", "WeatherApp\WeatherApp.iOS\WeatherApp.iOS.csproj", "{A4AFA447-4EB7-4D7A-9631-6DFF3DDFA25F}"
EndProject
Project("{FAE04EC0-301F-11D3-BF4B-00C04F79EFBC}") = "WeatherApp", "WeatherApp\WeatherApp\WeatherApp.csproj", "{A58E16AA-5E79-4F13-A597-72B933E0EB85}"
EndProject
Global
	GlobalSection(SolutionConfigurationPlatforms) = preSolution
		Debug|Any CPU = Debug|Any CPU
		Debug|ARM = Debug|ARM
		Debug|iPhone = Debug|iPhone
		Debug|iPhoneSimulator = Debug|iPhoneSimulator
		Debug|x64 = Debug|x64
		Debug|x86 = Debug|x86
		Release|Any CPU = Release|Any CPU
		Release|ARM = Release|ARM
		Release|iPhone = Release|iPhone
		Release|iPhoneSimulator = Release|iPhoneSimulator
		Release|x64 = Release|x64
		Release|x86 = Release|x86
	EndGlobalSection
	GlobalSection(ProjectConfigurationPlatforms) = postSolution
		{AB22F513-1834-4E2F-A8EB-825BFA2D0A91}.Debug|Any CPU.ActiveCfg = Debug|x86
		{AB22F513-1834-4E2F-A8EB-825BFA2D0A91}.Debug|Any CPU.Build.0 = Debug|x86
		{AB22F513-1834-4E2F-A8EB-825BFA2D0A91}.Debug|Any CPU.Deploy.0 = Debug|x86
		{AB22F513-1834-4E2F-A8EB-825BFA2D0A91}.Debug|ARM.ActiveCfg = Debug|ARM
		{AB22F513-1834-4E2F-A8EB-825BFA2D0A91}.Debug|ARM.Build.0 = Debug|ARM
		{AB22F513-1834-4E2F-A8EB-825BFA2D0A91}.Debug|ARM.Deploy.0 = Debug|ARM
		{AB22F513-1834-4E2F-A8EB-825BFA2D0A91}.Debug|iPhone.ActiveCfg = Debug|x86
		{AB22F513-1834-4E2F-A8EB-825BFA2D0A91}.Debug|iPhone.Build.0 = Debug|x86
		{AB22F513-1834-4E2F-A8EB-825BFA2D0A91}.Debug|iPhone.Deploy.0 = Debug|x86
		{AB22F513-1834-4E2F-A8EB-825BFA2D0A91}.Debug|iPhoneSimulator.ActiveCfg = Debug|x86
		{AB22F513-1834-4E2F-A8EB-825BFA2D0A91}.Debug|iPhoneSimulator.Build.0 = Debug|x86
		{AB22F513-1834-4E2F-A8EB-825BFA2D0A91}.Debug|iPhoneSimulator.Deploy.0 = Debug|x86
		{AB22F513-1834-4E2F-A8EB-825BFA2D0A91}.Debug|x64.ActiveCfg = Debug|x64
		{AB22F513-1834-4E2F-A8EB-825BFA2D0A91}.Debug|x64.Build.0 = Debug|x64
		{AB22F513-1834-4E2F-A8EB-825BFA2D0A91}.Debug|x64.Deploy.0 = Debug|x64
		{AB22F513-1834-4E2F-A8EB-825BFA2D0A91}.Debug|x86.ActiveCfg = Debug|x86
		{AB22F513-1834-4E2F-A8EB-825BFA2D0A91}.Debug|x86.Build.0 = Debug|x86
		{AB22F513-1834-4E2F-A8EB-825BFA2D0A91}.Debug|x86.Deploy.0 = Debug|x86
		{AB22F513-1834-4E2F-A8EB-825BFA2D0A91}.Release|Any CPU.ActiveCfg = Release|x86
		{AB22F513-1834-4E2F-A8EB-825BFA2D0A91}.Release|Any CPU.Build.0 = Release|x86
		{AB22F513-1834-4E2F-A8EB-825BFA2D0A91}.Release|Any CPU.Deploy.0 = Release|x86
		{AB22F513-1834-4E2F-A8EB-825BFA2D0A91}.Release|ARM.ActiveCfg = Release|ARM
		{AB22F513-1834-4E2F-A8EB-825BFA2D0A91}.Release|ARM.Build.0 = Release|ARM
		{AB22F513-1834-4E2F-A8EB-825BFA2D0A91}.Release|ARM.Deploy.0 = Release|ARM
		{AB22F513-1834-4E2F-A8EB-825BFA2D0A91}.Release|iPhone.ActiveCfg = Release|x86
		{AB22F513-1834-4E2F-A8EB-825BFA2D0A91}.Release|iPhone.Build.0 = Release|x86
		{AB22F513-1834-4E2F-A8EB-825BFA2D0A91}.Release|iPhone.Deploy.0 = Release|x86
		{AB22F513-1834-4E2F-A8EB-825BFA2D0A91}.Release|iPhoneSimulator.ActiveCfg = Release|x86
		{AB22F513-1834-4E2F-A8EB-825BFA2D0A91}.Release|iPhoneSimulator.Build.0 = Release|x86
		{AB22F513-1834-4E2F-A8EB-825BFA2D0A91}.Release|iPhoneSimulator.Deploy.0 = Release|x86
		{AB22F513-1834-4E2F-A8EB-825BFA2D0A91}.Release|x64.ActiveCfg = Release|x64
		{AB22F513-1834-4E2F-A8EB-825BFA2D0A91}.Release|x64.Build.0 = Release|x64
		{AB22F513-1834-4E2F-A8EB-825BFA2D0A91}.Release|x64.Deploy.0 = Release|x64
		{AB22F513-1834-4E2F-A8EB-825BFA2D0A91}.Release|x86.ActiveCfg = Release|x86
		{AB22F513-1834-4E2F-A8EB-825BFA2D0A91}.Release|x86.Build.0 = Release|x86
		{AB22F513-1834-4E2F-A8EB-825BFA2D0A91}.Release|x86.Deploy.0 = Release|x86
		{156A9149-8060-4AC6-B79C-6B0D6AB12A06}.Debug|Any CPU.ActiveCfg = Debug|Any CPU
		{156A9149-8060-4AC6-B79C-6B0D6AB12A06}.Debug|Any CPU.Build.0 = Debug|Any CPU
		{156A9149-8060-4AC6-B79C-6B0D6AB12A06}.Debug|Any CPU.Deploy.0 = Debug|Any CPU
		{156A9149-8060-4AC6-B79C-6B0D6AB12A06}.Debug|ARM.ActiveCfg = Debug|Any CPU
		{156A9149-8060-4AC6-B79C-6B0D6AB12A06}.Debug|ARM.Build.0 = Debug|Any CPU
		{156A9149-8060-4AC6-B79C-6B0D6AB12A06}.Debug|ARM.Deploy.0 = Debug|Any CPU
		{156A9149-8060-4AC6-B79C-6B0D6AB12A06}.Debug|iPhone.ActiveCfg = Debug|Any CPU
		{156A9149-8060-4AC6-B79C-6B0D6AB12A06}.Debug|iPhone.Build.0 = Debug|Any CPU
		{156A9149-8060-4AC6-B79C-6B0D6AB12A06}.Debug|iPhone.Deploy.0 = Debug|Any CPU
		{156A9149-8060-4AC6-B79C-6B0D6AB12A06}.Debug|iPhoneSimulator.ActiveCfg = Debug|Any CPU
		{156A9149-8060-4AC6-B79C-6B0D6AB12A06}.Debug|iPhoneSimulator.Build.0 = Debug|Any CPU
		{156A9149-8060-4AC6-B79C-6B0D6AB12A06}.Debug|iPhoneSimulator.Deploy.0 = Debug|Any CPU
		{156A9149-8060-4AC6-B79C-6B0D6AB12A06}.Debug|x64.ActiveCfg = Debug|Any CPU
		{156A9149-8060-4AC6-B79C-6B0D6AB12A06}.Debug|x64.Build.0 = Debug|Any CPU
		{156A9149-8060-4AC6-B79C-6B0D6AB12A06}.Debug|x64.Deploy.0 = Debug|Any CPU
		{156A9149-8060-4AC6-B79C-6B0D6AB12A06}.Debug|x86.ActiveCfg = Debug|Any CPU
		{156A9149-8060-4AC6-B79C-6B0D6AB12A06}.Debug|x86.Build.0 = Debug|Any CPU
		{156A9149-8060-4AC6-B79C-6B0D6AB12A06}.Debug|x86.Deploy.0 = Debug|Any CPU
		{156A9149-8060-4AC6-B79C-6B0D6AB12A06}.Release|Any CPU.ActiveCfg = Release|Any CPU
		{156A9149-8060-4AC6-B79C-6B0D6AB12A06}.Release|Any CPU.Build.0 = Release|Any CPU
		{156A9149-8060-4AC6-B79C-6B0D6AB12A06}.Release|Any CPU.Deploy.0 = Release|Any CPU
		{156A9149-8060-4AC6-B79C-6B0D6AB12A06}.Release|ARM.ActiveCfg = Release|Any CPU
		{156A9149-8060-4AC6-B79C-6B0D6AB12A06}.Release|ARM.Build.0 = Release|Any CPU
		{156A9149-8060-4AC6-B79C-6B0D6AB12A06}.Release|ARM.Deploy.0 = Release|Any CPU
		{156A9149-8060-4AC6-B79C-6B0D6AB12A06}.Release|iPhone.ActiveCfg = Release|Any CPU
		{156A9149-8060-4AC6-B79C-6B0D6AB12A06}.Release|iPhone.Build.0 = Release|Any CPU
		{156A9149-8060-4AC6-B79C-6B0D6AB12A06}.Release|iPhone.Deploy.0 = Release|Any CPU
		{156A9149-8060-4AC6-B79C-6B0D6AB12A06}.Release|iPhoneSimulator.ActiveCfg = Release|Any CPU
		{156A9149-8060-4AC6-B79C-6B0D6AB12A06}.Release|iPhoneSimulator.Build.0 = Release|Any CPU
		{156A9149-8060-4AC6-B79C-6B0D6AB12A06}.Release|iPhoneSimulator.Deploy.0 = Release|Any CPU
		{156A9149-8060-4AC6-B79C-6B0D6AB12A06}.Release|x64.ActiveCfg = Release|Any CPU
		{156A9149-8060-4AC6-B79C-6B0D6AB12A06}.Release|x64.Build.0 = Release|Any CPU
		{156A9149-8060-4AC6-B79C-6B0D6AB12A06}.Release|x64.Deploy.0 = Release|Any CPU
		{156A9149-8060-4AC6-B79C-6B0D6AB12A06}.Release|x86.ActiveCfg = Release|Any CPU
		{156A9149-8060-4AC6-B79C-6B0D6AB12A06}.Release|x86.Build.0 = Release|Any CPU
		{156A9149-8060-4AC6-B79C-6B0D6AB12A06}.Release|x86.Deploy.0 = Release|Any CPU
		{A4AFA447-4EB7-4D7A-9631-6DFF3DDFA25F}.Debug|Any CPU.ActiveCfg = Debug|iPhone
		{A4AFA447-4EB7-4D7A-9631-6DFF3DDFA25F}.Debug|Any CPU.Build.0 = Debug|iPhone
		{A4AFA447-4EB7-4D7A-9631-6DFF3DDFA25F}.Debug|Any CPU.Deploy.0 = Debug|iPhone
		{A4AFA447-4EB7-4D7A-9631-6DFF3DDFA25F}.Debug|ARM.ActiveCfg = Debug|iPhone
		{A4AFA447-4EB7-4D7A-9631-6DFF3DDFA25F}.Debug|ARM.Build.0 = Debug|iPhone
		{A4AFA447-4EB7-4D7A-9631-6DFF3DDFA25F}.Debug|ARM.Deploy.0 = Debug|iPhone
		{A4AFA447-4EB7-4D7A-9631-6DFF3DDFA25F}.Debug|iPhone.ActiveCfg = Debug|iPhone
		{A4AFA447-4EB7-4D7A-9631-6DFF3DDFA25F}.Debug|iPhone.Build.0 = Debug|iPhone
		{A4AFA447-4EB7-4D7A-9631-6DFF3DDFA25F}.Debug|iPhone.Deploy.0 = Debug|iPhone
		{A4AFA447-4EB7-4D7A-9631-6DFF3DDFA25F}.Debug|iPhoneSimulator.ActiveCfg = Debug|iPhoneSimulator
		{A4AFA447-4EB7-4D7A-9631-6DFF3DDFA25F}.Debug|iPhoneSimulator.Build.0 = Debug|iPhoneSimulator
		{A4AFA447-4EB7-4D7A-9631-6DFF3DDFA25F}.Debug|iPhoneSimulator.Deploy.0 = Debug|iPhoneSimulator
		{A4AFA447-4EB7-4D7A-9631-6DFF3DDFA25F}.Debug|x64.ActiveCfg = Debug|iPhone
		{A4AFA447-4EB7-4D7A-9631-6DFF3DDFA25F}.Debug|x64.Build.0 = Debug|iPhone
		{A4AFA447-4EB7-4D7A-9631-6DFF3DDFA25F}.Debug|x64.Deploy.0 = Debug|iPhone
		{A4AFA447-4EB7-4D7A-9631-6DFF3DDFA25F}.Debug|x86.ActiveCfg = Debug|iPhone
		{A4AFA447-4EB7-4D7A-9631-6DFF3DDFA25F}.Debug|x86.Build.0 = Debug|iPhone
		{A4AFA447-4EB7-4D7A-9631-6DFF3DDFA25F}.Debug|x86.Deploy.0 = Debug|iPhone
		{A4AFA447-4EB7-4D7A-9631-6DFF3DDFA25F}.Release|Any CPU.ActiveCfg = Release|iPhone
		{A4AFA447-4EB7-4D7A-9631-6DFF3DDFA25F}.Release|Any CPU.Build.0 = Release|iPhone
		{A4AFA447-4EB7-4D7A-9631-6DFF3DDFA25F}.Release|Any CPU.Deploy.0 = Release|iPhone
		{A4AFA447-4EB7-4D7A-9631-6DFF3DDFA25F}.Release|ARM.ActiveCfg = Release|iPhone
		{A4AFA447-4EB7-4D7A-9631-6DFF3DDFA25F}.Release|ARM.Build.0 = Release|iPhone
		{A4AFA447-4EB7-4D7A-9631-6DFF3DDFA25F}.Release|ARM.Deploy.0 = Release|iPhone
		{A4AFA447-4EB7-4D7A-9631-6DFF3DDFA25F}.Release|iPhone.ActiveCfg = Release|iPhone
		{A4AFA447-4EB7-4D7A-9631-6DFF3DDFA25F}.Release|iPhone.Build.0 = Release|iPhone
		{A4AFA447-4EB7-4D7A-9631-6DFF3DDFA25F}.Release|iPhone.Deploy.0 = Release|iPhone
		{A4AFA447-4EB7-4D7A-9631-6DFF3DDFA25F}.Release|iPhoneSimulator.ActiveCfg = Release|iPhoneSimulator
		{A4AFA447-4EB7-4D7A-9631-6DFF3DDFA25F}.Release|iPhoneSimulator.Build.0 = Release|iPhoneSimulator
		{A4AFA447-4EB7-4D7A-9631-6DFF3DDFA25F}.Release|iPhoneSimulator.Deploy.0 = Release|iPhoneSimulator
		{A4AFA447-4EB7-4D7A-9631-6DFF3DDFA25F}.Release|x64.ActiveCfg = Release|iPhone
		{A4AFA447-4EB7-4D7A-9631-6DFF3DDFA25F}.Release|x64.Build.0 = Release|iPhone
		{A4AFA447-4EB7-4D7A-9631-6DFF3DDFA25F}.Release|x64.Deploy.0 = Release|iPhone
		{A4AFA447-4EB7-4D7A-9631-6DFF3DDFA25F}.Release|x86.ActiveCfg = Release|iPhone
		{A4AFA447-4EB7-4D7A-9631-6DFF3DDFA25F}.Release|x86.Build.0 = Release|iPhone
		{A4AFA447-4EB7-4D7A-9631-6DFF3DDFA25F}.Release|x86.Deploy.0 = Release|iPhone
		{A58E16AA-5E79-4F13-A597-72B933E0EB85}.Debug|Any CPU.ActiveCfg = Debug|Any CPU
		{A58E16AA-5E79-4F13-A597-72B933E0EB85}.Debug|Any CPU.Build.0 = Debug|Any CPU
		{A58E16AA-5E79-4F13-A597-72B933E0EB85}.Debug|Any CPU.Deploy.0 = Debug|Any CPU
		{A58E16AA-5E79-4F13-A597-72B933E0EB85}.Debug|ARM.ActiveCfg = Debug|Any CPU
		{A58E16AA-5E79-4F13-A597-72B933E0EB85}.Debug|ARM.Build.0 = Debug|Any CPU
		{A58E16AA-5E79-4F13-A597-72B933E0EB85}.Debug|ARM.Deploy.0 = Debug|Any CPU
		{A58E16AA-5E79-4F13-A597-72B933E0EB85}.Debug|iPhone.ActiveCfg = Debug|Any CPU
		{A58E16AA-5E79-4F13-A597-72B933E0EB85}.Debug|iPhone.Build.0 = Debug|Any CPU
		{A58E16AA-5E79-4F13-A597-72B933E0EB85}.Debug|iPhone.Deploy.0 = Debug|Any CPU
		{A58E16AA-5E79-4F13-A597-72B933E0EB85}.Debug|iPhoneSimulator.ActiveCfg = Debug|Any CPU
		{A58E16AA-5E79-4F13-A597-72B933E0EB85}.Debug|iPhoneSimulator.Build.0 = Debug|Any CPU
		{A58E16AA-5E79-4F13-A597-72B933E0EB85}.Debug|iPhoneSimulator.Deploy.0 = Debug|Any CPU
		{A58E16AA-5E79-4F13-A597-72B933E0EB85}.Debug|x64.ActiveCfg = Debug|Any CPU
		{A58E16AA-5E79-4F13-A597-72B933E0EB85}.Debug|x64.Build.0 = Debug|Any CPU
		{A58E16AA-5E79-4F13-A597-72B933E0EB85}.Debug|x64.Deploy.0 = Debug|Any CPU
		{A58E16AA-5E79-4F13-A597-72B933E0EB85}.Debug|x86.ActiveCfg = Debug|Any CPU
		{A58E16AA-5E79-4F13-A597-72B933E0EB85}.Debug|x86.Build.0 = Debug|Any CPU
		{A58E16AA-5E79-4F13-A597-72B933E0EB85}.Debug|x86.Deploy.0 = Debug|Any CPU
		{A58E16AA-5E79-4F13-A597-72B933E0EB85}.Release|Any CPU.ActiveCfg = Release|Any CPU
		{A58E16AA-5E79-4F13-A597-72B933E0EB85}.Release|Any CPU.Build.0 = Release|Any CPU
		{A58E16AA-5E79-4F13-A597-72B933E0EB85}.Release|Any CPU.Deploy.0 = Release|Any CPU
		{A58E16AA-5E79-4F13-A597-72B933E0EB85}.Release|ARM.ActiveCfg = Release|Any CPU
		{A58E16AA-5E79-4F13-A597-72B933E0EB85}.Release|ARM.Build.0 = Release|Any CPU
		{A58E16AA-5E79-4F13-A597-72B933E0EB85}.Release|ARM.Deploy.0 = Release|Any CPU
		{A58E16AA-5E79-4F13-A597-72B933E0EB85}.Release|iPhone.ActiveCfg = Release|Any CPU
		{A58E16AA-5E79-4F13-A597-72B933E0EB85}.Release|iPhone.Build.0 = Release|Any CPU
		{A58E16AA-5E79-4F13-A597-72B933E0EB85}.Release|iPhone.Deploy.0 = Release|Any CPU
		{A58E16AA-5E79-4F13-A597-72B933E0EB85}.Release|iPhoneSimulator.ActiveCfg = Release|Any CPU
		{A58E16AA-5E79-4F13-A597-72B933E0EB85}.Release|iPhoneSimulator.Build.0 = Release|Any CPU
		{A58E16AA-5E79-4F13-A597-72B933E0EB85}.Release|iPhoneSimulator.Deploy.0 = Release|Any CPU
		{A58E16AA-5E79-4F13-A597-72B933E0EB85}.Release|x64.ActiveCfg = Release|Any CPU
		{A58E16AA-5E79-4F13-A597-72B933E0EB85}.Release|x64.Build.0 = Release|Any CPU
		{A58E16AA-5E79-4F13-A597-72B933E0EB85}.Release|x64.Deploy.0 = Release|Any CPU
		{A58E16AA-5E79-4F13-A597-72B933E0EB85}.Release|x86.ActiveCfg = Release|Any CPU
		{A58E16AA-5E79-4F13-A597-72B933E0EB85}.Release|x86.Build.0 = Release|Any CPU
		{A58E16AA-5E79-4F13-A597-72B933E0EB85}.Release|x86.Deploy.0 = Release|Any CPU
	EndGlobalSection
	GlobalSection(SolutionProperties) = preSolution
		HideSolutionNode = FALSE
	EndGlobalSection
	GlobalSection(ExtensibilityGlobals) = postSolution
		SolutionGuid = {1D276B0D-B49B-4EBB-B7B7-0CE96BD7E2BC}
	EndGlobalSection
EndGlobal
